{
  "lockfile_version": "1",
  "packages": {
    "github:NixOS/nixpkgs/nixpkgs-unstable": {
      "last_modified": "2025-06-06T12:35:49Z",
      "resolved": "github:NixOS/nixpkgs/a4ff0e3c64846abea89662bfbacf037ef4b34207?lastModified=1749213349&narHash=sha256-UAaWOyQhdp7nXzsbmLVC67fo%2BQetzoTm9hsPf9X3yr4%3D"
    },
    "just@latest": {
      "last_modified": "2025-06-05T08:10:37Z",
      "resolved": "github:NixOS/nixpkgs/ec62ae342c340d24289735e31eb9155261cd5fe7#just",
      "source": "devbox-search",
      "version": "1.40.0",
      "systems": {
        "aarch64-darwin": {
          "outputs": [
            {
              "name": "out",
              "path": "/nix/store/w0s0f89zcpwl9ipygxiihba0j6fgwnyq-just-1.40.0",
              "default": true
            },
            {
              "name": "man",
              "path": "/nix/store/2qma0wrxkqxaqv1s8h6f908slqwfbvkj-just-1.40.0-man",
              "default": true
            },
            {
              "name": "doc",
              "path": "/nix/store/kck98fyp78wyq5v5pbdvi2alql3kphbl-just-1.40.0-doc"
            }
          ],
          "store_path": "/nix/store/w0s0f89zcpwl9ipygxiihba0j6fgwnyq-just-1.40.0"
        },
        "aarch64-linux": {
          "outputs": [
            {
              "name": "out",
              "path": "/nix/store/xz278vbk5040d07xsx95b59848m6nd3w-just-1.40.0",
              "default": true
            },
            {
              "name": "man",
              "path": "/nix/store/iyd406bfh3naws155rxzgbyplpk9fzh4-just-1.40.0-man",
              "default": true
            },
            {
              "name": "doc",
              "path": "/nix/store/rdyw3qm6bvr72xn1x8ppv2v446nqnxn0-just-1.40.0-doc"
            }
          ],
          "store_path": "/nix/store/xz278vbk5040d07xsx95b59848m6nd3w-just-1.40.0"
        },
        "x86_64-darwin": {
          "outputs": [
            {
              "name": "out",
              "path": "/nix/store/j23s9ylivcxwwxmwwm3afpxj6338m86r-just-1.40.0",
              "default": true
            },
            {
              "name": "man",
              "path": "/nix/store/qgjwgpk4isravm4w7y24m313878nfjnb-just-1.40.0-man",
              "default": true
            },
            {
              "name": "doc",
              "path": "/nix/store/vrr9idsznzv7m1n54287pl39kh6n6a22-just-1.40.0-doc"
            }
          ],
          "store_path": "/nix/store/j23s9ylivcxwwxmwwm3afpxj6338m86r-just-1.40.0"
        },
        "x86_64-linux": {
          "outputs": [
            {
              "name": "out",
              "path": "/nix/store/gcwzmx1qrjyjpfs4a655wc2wq753w6sm-just-1.40.0",
              "default": true
            },
            {
              "name": "man",
              "path": "/nix/store/rl9q2hs0wyy5z51sg20jwqknimhda81s-just-1.40.0-man",
              "default": true
            },
            {
              "name": "doc",
              "path": "/nix/store/b9mc1x9d3xbgbxjkw5hmlzk6ww17029d-just-1.40.0-doc"
            }
          ],
          "store_path": "/nix/store/gcwzmx1qrjyjpfs4a655wc2wq753w6sm-just-1.40.0"
        }
      }
    },
    "poetry@latest": {
      "last_modified": "2025-05-16T20:19:48Z",
      "plugin_version": "0.0.4",
      "resolved": "github:NixOS/nixpkgs/12a55407652e04dcf2309436eb06fef0d3713ef3#poetry",
      "source": "devbox-search",
      "version": "2.1.3",
      "systems": {
        "aarch64-darwin": {
          "outputs": [
            {
              "name": "out",
              "path": "/nix/store/k88mnd9q9dm3zrk1zb69j6jdyz6bk828-python3.12-poetry-2.1.3",
              "default": true
            },
            {
              "name": "dist",
              "path": "/nix/store/rim69jpxg54415838qcfjmpm0q4w8z5j-python3.12-poetry-2.1.3-dist"
            }
          ],
          "store_path": "/nix/store/k88mnd9q9dm3zrk1zb69j6jdyz6bk828-python3.12-poetry-2.1.3"
        },
        "aarch64-linux": {
          "outputs": [
            {
              "name": "out",
              "path": "/nix/store/hzfm7mrx0i50k36ir02l58q3wia4girg-python3.12-poetry-2.1.3",
              "default": true
            },
            {
              "name": "dist",
              "path": "/nix/store/yrp5jw81c7pzx8xhcb2r4iwmpv27il1h-python3.12-poetry-2.1.3-dist"
            }
          ],
          "store_path": "/nix/store/hzfm7mrx0i50k36ir02l58q3wia4girg-python3.12-poetry-2.1.3"
        },
        "x86_64-darwin": {
          "outputs": [
            {
              "name": "out",
              "path": "/nix/store/ngj8ljgrwjx4dipnpm7ayiaxz82ym4mr-python3.12-poetry-2.1.3",
              "default": true
            },
            {
              "name": "dist",
              "path": "/nix/store/55pi42ljqw9qn6472m2b7qpv0689y2pj-python3.12-poetry-2.1.3-dist"
            }
          ],
          "store_path": "/nix/store/ngj8ljgrwjx4dipnpm7ayiaxz82ym4mr-python3.12-poetry-2.1.3"
        },
        "x86_64-linux": {
          "outputs": [
            {
              "name": "out",
              "path": "/nix/store/iba3xhlw8kj868lxmh2x5ryjl6j3gsys-python3.12-poetry-2.1.3",
              "default": true
            },
            {
              "name": "dist",
              "path": "/nix/store/7wpzxpwzz5vsg20k7x1j2bbhls95h52z-python3.12-poetry-2.1.3-dist"
            }
          ],
          "store_path": "/nix/store/iba3xhlw8kj868lxmh2x5ryjl6j3gsys-python3.12-poetry-2.1.3"
        }
      }
    },
    "python@3.10": {
      "last_modified": "2025-05-16T20:19:48Z",
      "plugin_version": "0.0.4",
      "resolved": "github:NixOS/nixpkgs/12a55407652e04dcf2309436eb06fef0d3713ef3#python310",
      "source": "devbox-search",
      "version": "3.10.17",
      "systems": {
        "aarch64-darwin": {
          "outputs": [
            {
              "name": "out",
              "path": "/nix/store/4r7v49cn2rfxv8nlhqq2m9ijld9fap58-python3-3.10.17",
              "default": true
            }
          ],
          "store_path": "/nix/store/4r7v49cn2rfxv8nlhqq2m9ijld9fap58-python3-3.10.17"
        },
        "aarch64-linux": {
          "outputs": [
            {
              "name": "out",
              "path": "/nix/store/b4sl47rhg08y7z8xf14b39m1djmf5d94-python3-3.10.17",
              "default": true
            },
            {
              "name": "debug",
              "path": "/nix/store/b12kcj80z6060hfn3kp2ds0dl035bw9m-python3-3.10.17-debug"
            }
          ],
          "store_path": "/nix/store/b4sl47rhg08y7z8xf14b39m1djmf5d94-python3-3.10.17"
        },
        "x86_64-darwin": {
          "outputs": [
            {
              "name": "out",
              "path": "/nix/store/77ckinxdmqwmpvv7z2yc35lp8751cfh4-python3-3.10.17",
              "default": true
            }
          ],
          "store_path": "/nix/store/77ckinxdmqwmpvv7z2yc35lp8751cfh4-python3-3.10.17"
        },
        "x86_64-linux": {
          "outputs": [
            {
              "name": "out",
              "path": "/nix/store/wm85wvkj8w9lk3s53k6s3zkgi5p4xf2j-python3-3.10.17",
              "default": true
            },
            {
              "name": "debug",
              "path": "/nix/store/6yxga594yqjl0ff8gj1anx2j5zd6fhx8-python3-3.10.17-debug"
            }
          ],
          "store_path": "/nix/store/wm85wvkj8w9lk3s53k6s3zkgi5p4xf2j-python3-3.10.17"
        }
      }
    }
  }
}
